// !$*UTF8*$!
{
	archiveVersion = 1;
	classes = {
	};
	objectVersion = 55;
	objects = {

/* Begin PBXBuildFile section */
		0B584D40286EEAB1003A96FD /* WelcomeViewController.swift in Sources */ = {isa = PBXBuildFile; fileRef = 0B584D3F286EEAB1003A96FD /* WelcomeViewController.swift */; };
		0B653D86286EDBEF00A6FCF1 /* AppDelegate.swift in Sources */ = {isa = PBXBuildFile; fileRef = 0B653D85286EDBEF00A6FCF1 /* AppDelegate.swift */; };
		0B653D88286EDBEF00A6FCF1 /* SceneDelegate.swift in Sources */ = {isa = PBXBuildFile; fileRef = 0B653D87286EDBEF00A6FCF1 /* SceneDelegate.swift */; };
		0B653D8A286EDBEF00A6FCF1 /* LoginViewController.swift in Sources */ = {isa = PBXBuildFile; fileRef = 0B653D89286EDBEF00A6FCF1 /* LoginViewController.swift */; };
		0B653D8D286EDBEF00A6FCF1 /* Main.storyboard in Resources */ = {isa = PBXBuildFile; fileRef = 0B653D8B286EDBEF00A6FCF1 /* Main.storyboard */; };
		0B653D8F286EDBF000A6FCF1 /* Assets.xcassets in Resources */ = {isa = PBXBuildFile; fileRef = 0B653D8E286EDBF000A6FCF1 /* Assets.xcassets */; };
		0B653D92286EDBF000A6FCF1 /* LaunchScreen.storyboard in Resources */ = {isa = PBXBuildFile; fileRef = 0B653D90286EDBF000A6FCF1 /* LaunchScreen.storyboard */; };
		0B9465C6287498E5007D3366 /* User.swift in Sources */ = {isa = PBXBuildFile; fileRef = 0B9465C5287498E5007D3366 /* User.swift */; };
		0B9465C828749FEB007D3366 /* AboutUserViewController.swift in Sources */ = {isa = PBXBuildFile; fileRef = 0B9465C728749FEB007D3366 /* AboutUserViewController.swift */; };
/* End PBXBuildFile section */

/* Begin PBXFileReference section */
		0B584D3F286EEAB1003A96FD /* WelcomeViewController.swift */ = {isa = PBXFileReference; lastKnownFileType = sourcecode.swift; path = WelcomeViewController.swift; sourceTree = "<group>"; };
		0B653D82286EDBEF00A6FCF1 /* LoginApp.app */ = {isa = PBXFileReference; explicitFileType = wrapper.application; includeInIndex = 0; path = LoginApp.app; sourceTree = BUILT_PRODUCTS_DIR; };
		0B653D85286EDBEF00A6FCF1 /* AppDelegate.swift */ = {isa = PBXFileReference; lastKnownFileType = sourcecode.swift; path = AppDelegate.swift; sourceTree = "<group>"; };
		0B653D87286EDBEF00A6FCF1 /* SceneDelegate.swift */ = {isa = PBXFileReference; lastKnownFileType = sourcecode.swift; path = SceneDelegate.swift; sourceTree = "<group>"; };
		0B653D89286EDBEF00A6FCF1 /* LoginViewController.swift */ = {isa = PBXFileReference; lastKnownFileType = sourcecode.swift; path = LoginViewController.swift; sourceTree = "<group>"; };
		0B653D8C286EDBEF00A6FCF1 /* Base */ = {isa = PBXFileReference; lastKnownFileType = file.storyboard; name = Base; path = Base.lproj/Main.storyboard; sourceTree = "<group>"; };
		0B653D8E286EDBF000A6FCF1 /* Assets.xcassets */ = {isa = PBXFileReference; lastKnownFileType = folder.assetcatalog; path = Assets.xcassets; sourceTree = "<group>"; };
		0B653D91286EDBF000A6FCF1 /* Base */ = {isa = PBXFileReference; lastKnownFileType = file.storyboard; name = Base; path = Base.lproj/LaunchScreen.storyboard; sourceTree = "<group>"; };
		0B653D93286EDBF000A6FCF1 /* Info.plist */ = {isa = PBXFileReference; lastKnownFileType = text.plist.xml; path = Info.plist; sourceTree = "<group>"; };
		0B9465C5287498E5007D3366 /* User.swift */ = {isa = PBXFileReference; lastKnownFileType = sourcecode.swift; path = User.swift; sourceTree = "<group>"; };
		0B9465C728749FEB007D3366 /* AboutUserViewController.swift */ = {isa = PBXFileReference; lastKnownFileType = sourcecode.swift; path = AboutUserViewController.swift; sourceTree = "<group>"; };
/* End PBXFileReference section */

/* Begin PBXFrameworksBuildPhase section */
		0B653D7F286EDBEF00A6FCF1 /* Frameworks */ = {
			isa = PBXFrameworksBuildPhase;
			buildActionMask = 2147483647;
			files = (
			);
			runOnlyForDeploymentPostprocessing = 0;
		};
/* End PBXFrameworksBuildPhase section */

/* Begin PBXGroup section */
		0B653D79286EDBEF00A6FCF1 = {
			isa = PBXGroup;
			children = (
				0B653D84286EDBEF00A6FCF1 /* LoginApp */,
				0B653D83286EDBEF00A6FCF1 /* Products */,
			);
			sourceTree = "<group>";
		};
		0B653D83286EDBEF00A6FCF1 /* Products */ = {
			isa = PBXGroup;
			children = (
				0B653D82286EDBEF00A6FCF1 /* LoginApp.app */,
			);
			name = Products;
			sourceTree = "<group>";
		};
		0B653D84286EDBEF00A6FCF1 /* LoginApp */ = {
			isa = PBXGroup;
			children = (
				0B9465C4287498D6007D3366 /* Models */,
				0B9465C3287498A9007D3366 /* ViewControllers */,
				0B9465C22874985C007D3366 /* App */,
				0B653D8B286EDBEF00A6FCF1 /* Main.storyboard */,
				0B653D8E286EDBF000A6FCF1 /* Assets.xcassets */,
				0B653D90286EDBF000A6FCF1 /* LaunchScreen.storyboard */,
				0B653D93286EDBF000A6FCF1 /* Info.plist */,
			);
			path = LoginApp;
			sourceTree = "<group>";
		};
		0B9465C22874985C007D3366 /* App */ = {
			isa = PBXGroup;
			children = (
				0B653D85286EDBEF00A6FCF1 /* AppDelegate.swift */,
				0B653D87286EDBEF00A6FCF1 /* SceneDelegate.swift */,
			);
			path = App;
			sourceTree = "<group>";
		};
		0B9465C3287498A9007D3366 /* ViewControllers */ = {
			isa = PBXGroup;
			children = (
				0B584D3F286EEAB1003A96FD /* WelcomeViewController.swift */,
				0B653D89286EDBEF00A6FCF1 /* LoginViewController.swift */,
				0B9465C728749FEB007D3366 /* AboutUserViewController.swift */,
			);
			path = ViewControllers;
			sourceTree = "<group>";
		};
		0B9465C4287498D6007D3366 /* Models */ = {
			isa = PBXGroup;
			children = (
				0B9465C5287498E5007D3366 /* User.swift */,
			);
			path = Models;
			sourceTree = "<group>";
		};
/* End PBXGroup section */

/* Begin PBXNativeTarget section */
		0B653D81286EDBEF00A6FCF1 /* LoginApp */ = {
			isa = PBXNativeTarget;
			buildConfigurationList = 0B653D96286EDBF000A6FCF1 /* Build configuration list for PBXNativeTarget "LoginApp" */;
			buildPhases = (
				0B653D7E286EDBEF00A6FCF1 /* Sources */,
				0B653D7F286EDBEF00A6FCF1 /* Frameworks */,
				0B653D80286EDBEF00A6FCF1 /* Resources */,
			);
			buildRules = (
			);
			dependencies = (
			);
			name = LoginApp;
			productName = LoginApp;
			productReference = 0B653D82286EDBEF00A6FCF1 /* LoginApp.app */;
			productType = "com.apple.product-type.application";
		};
/* End PBXNativeTarget section */

/* Begin PBXProject section */
		0B653D7A286EDBEF00A6FCF1 /* Project object */ = {
			isa = PBXProject;
			attributes = {
				BuildIndependentTargetsInParallel = 1;
				LastSwiftUpdateCheck = 1340;
				LastUpgradeCheck = 1340;
				TargetAttributes = {
					0B653D81286EDBEF00A6FCF1 = {
						CreatedOnToolsVersion = 13.4.1;
					};
				};
			};
			buildConfigurationList = 0B653D7D286EDBEF00A6FCF1 /* Build configuration list for PBXProject "LoginApp" */;
			compatibilityVersion = "Xcode 13.0";
			developmentRegion = en;
			hasScannedForEncodings = 0;
			knownRegions = (
				en,
				Base,
			);
			mainGroup = 0B653D79286EDBEF00A6FCF1;
			productRefGroup = 0B653D83286EDBEF00A6FCF1 /* Products */;
			projectDirPath = "";
			projectRoot = "";
			targets = (
				0B653D81286EDBEF00A6FCF1 /* LoginApp */,
			);
		};
/* End PBXProject section */

/* Begin PBXResourcesBuildPhase section */
		0B653D80286EDBEF00A6FCF1 /* Resources */ = {
			isa = PBXResourcesBuildPhase;
			buildActionMask = 2147483647;
			files = (
				0B653D92286EDBF000A6FCF1 /* LaunchScreen.storyboard in Resources */,
				0B653D8F286EDBF000A6FCF1 /* Assets.xcassets in Resources */,
				0B653D8D286EDBEF00A6FCF1 /* Main.storyboard in Resources */,
			);
			runOnlyForDeploymentPostprocessing = 0;
		};
/* End PBXResourcesBuildPhase section */

/* Begin PBXSourcesBuildPhase section */
		0B653D7E286EDBEF00A6FCF1 /* Sources */ = {
			isa = PBXSourcesBuildPhase;
			buildActionMask = 2147483647;
			files = (
				0B653D8A286EDBEF00A6FCF1 /* LoginViewController.swift in Sources */,
				0B584D40286EEAB1003A96FD /* WelcomeViewController.swift in Sources */,
				0B653D86286EDBEF00A6FCF1 /* AppDelegate.swift in Sources */,
				0B9465C6287498E5007D3366 /* User.swift in Sources */,
				0B653D88286EDBEF00A6FCF1 /* SceneDelegate.swift in Sources */,
				0B9465C828749FEB007D3366 /* AboutUserViewController.swift in Sources */,
			);
			runOnlyForDeploymentPostprocessing = 0;
		};
/* End PBXSourcesBuildPhase section */

/* Begin PBXVariantGroup section */
		0B653D8B286EDBEF00A6FCF1 /* Main.storyboard */ = {
			isa = PBXVariantGroup;
			children = (
				0B653D8C286EDBEF00A6FCF1 /* Base */,
			);
			name = Main.storyboard;
			sourceTree = "<group>";
		};
		0B653D90286EDBF000A6FCF1 /* LaunchScreen.storyboard */ = {
			isa = PBXVariantGroup;
			children = (
				0B653D91286EDBF000A6FCF1 /* Base */,
			);
			name = LaunchScreen.storyboard;
			sourceTree = "<group>";
		};
/* End PBXVariantGroup section */

/* Begin XCBuildConfiguration section */
		0B653D94286EDBF000A6FCF1 /* Debug */ = {
			isa = XCBuildConfiguration;
			buildSettings = {
				ALWAYS_SEARCH_USER_PATHS = NO;
				CLANG_ANALYZER_NONNULL = YES;
				CLANG_ANALYZER_NUMBER_OBJECT_CONVERSION = YES_AGGRESSIVE;
				CLANG_CXX_LANGUAGE_STANDARD = "gnu++17";
				CLANG_ENABLE_MODULES = YES;
				CLANG_ENABLE_OBJC_ARC = YES;
				CLANG_ENABLE_OBJC_WEAK = YES;
				CLANG_WARN_BLOCK_CAPTURE_AUTORELEASING = YES;
				CLANG_WARN_BOOL_CONVERSION = YES;
				CLANG_WARN_COMMA = YES;
				CLANG_WARN_CONSTANT_CONVERSION = YES;
				CLANG_WARN_DEPRECATED_OBJC_IMPLEMENTATIONS = YES;
				CLANG_WARN_DIRECT_OBJC_ISA_USAGE = YES_ERROR;
				CLANG_WARN_DOCUMENTATION_COMMENTS = YES;
				CLANG_WARN_EMPTY_BODY = YES;
				CLANG_WARN_ENUM_CONVERSION = YES;
				CLANG_WARN_INFINITE_RECURSION = YES;
				CLANG_WARN_INT_CONVERSION = YES;
				CLANG_WARN_NON_LITERAL_NULL_CONVERSION = YES;
				CLANG_WARN_OBJC_IMPLICIT_RETAIN_SELF = YES;
				CLANG_WARN_OBJC_LITERAL_CONVERSION = YES;
				CLANG_WARN_OBJC_ROOT_CLASS = YES_ERROR;
				CLANG_WARN_QUOTED_INCLUDE_IN_FRAMEWORK_HEADER = YES;
				CLANG_WARN_RANGE_LOOP_ANALYSIS = YES;
				CLANG_WARN_STRICT_PROTOTYPES = YES;
				CLANG_WARN_SUSPICIOUS_MOVE = YES;
				CLANG_WARN_UNGUARDED_AVAILABILITY = YES_AGGRESSIVE;
				CLANG_WARN_UNREACHABLE_CODE = YES;
				CLANG_WARN__DUPLICATE_METHOD_MATCH = YES;
				COPY_PHASE_STRIP = NO;
				DEBUG_INFORMATION_FORMAT = dwarf;
				ENABLE_STRICT_OBJC_MSGSEND = YES;
				ENABLE_TESTABILITY = YES;
				GCC_C_LANGUAGE_STANDARD = gnu11;
				GCC_DYNAMIC_NO_PIC = NO;
				GCC_NO_COMMON_BLOCKS = YES;
				GCC_OPTIMIZATION_LEVEL = 0;
				GCC_PREPROCESSOR_DEFINITIONS = (
					"DEBUG=1",
					"$(inherited)",
				);
				GCC_WARN_64_TO_32_BIT_CONVERSION = YES;
				GCC_WARN_ABOUT_RETURN_TYPE = YES_ERROR;
				GCC_WARN_UNDECLARED_SELECTOR = YES;
				GCC_WARN_UNINITIALIZED_AUTOS = YES_AGGRESSIVE;
				GCC_WARN_UNUSED_FUNCTION = YES;
				GCC_WARN_UNUSED_VARIABLE = YES;
				IPHONEOS_DEPLOYMENT_TARGET = 15.5;
				MTL_ENABLE_DEBUG_INFO = INCLUDE_SOURCE;
				MTL_FAST_MATH = YES;
				ONLY_ACTIVE_ARCH = YES;
				SDKROOT = iphoneos;
				SWIFT_ACTIVE_COMPILATION_CONDITIONS = DEBUG;
				SWIFT_OPTIMIZATION_LEVEL = "-Onone";
			};
			name = Debug;
		};
		0B653D95286EDBF000A6FCF1 /* Release */ = {
			isa = XCBuildConfiguration;
			buildSettings = {
				ALWAYS_SEARCH_USER_PATHS = NO;
				CLANG_ANALYZER_NONNULL = YES;
				CLANG_ANALYZER_NUMBER_OBJECT_CONVERSION = YES_AGGRESSIVE;
				CLANG_CXX_LANGUAGE_STANDARD = "gnu++17";
				CLANG_ENABLE_MODULES = YES;
				CLANG_ENABLE_OBJC_ARC = YES;
				CLANG_ENABLE_OBJC_WEAK = YES;
				CLANG_WARN_BLOCK_CAPTURE_AUTORELEASING = YES;
				CLANG_WARN_BOOL_CONVERSION = YES;
				CLANG_WARN_COMMA = YES;
				CLANG_WARN_CONSTANT_CONVERSION = YES;
				CLANG_WARN_DEPRECATED_OBJC_IMPLEMENTATIONS = YES;
				CLANG_WARN_DIRECT_OBJC_ISA_USAGE = YES_ERROR;
				CLANG_WARN_DOCUMENTATION_COMMENTS = YES;
				CLANG_WARN_EMPTY_BODY = YES;
				CLANG_WARN_ENUM_CONVERSION = YES;
				CLANG_WARN_INFINITE_RECURSION = YES;
				CLANG_WARN_INT_CONVERSION = YES;
				CLANG_WARN_NON_LITERAL_NULL_CONVERSION = YES;
				CLANG_WARN_OBJC_IMPLICIT_RETAIN_SELF = YES;
				CLANG_WARN_OBJC_LITERAL_CONVERSION = YES;
				CLANG_WARN_OBJC_ROOT_CLASS = YES_ERROR;
				CLANG_WARN_QUOTED_INCLUDE_IN_FRAMEWORK_HEADER = YES;
				CLANG_WARN_RANGE_LOOP_ANALYSIS = YES;
				CLANG_WARN_STRICT_PROTOTYPES = YES;
				CLANG_WARN_SUSPICIOUS_MOVE = YES;
				CLANG_WARN_UNGUARDED_AVAILABILITY = YES_AGGRESSIVE;
				CLANG_WARN_UNREACHABLE_CODE = YES;
				CLANG_WARN__DUPLICATE_METHOD_MATCH = YES;
				COPY_PHASE_STRIP = NO;
				DEBUG_INFORMATION_FORMAT = "dwarf-with-dsym";
				ENABLE_NS_ASSERTIONS = NO;
				ENABLE_STRICT_OBJC_MSGSEND = YES;
				GCC_C_LANGUAGE_STANDARD = gnu11;
				GCC_NO_COMMON_BLOCKS = YES;
				GCC_WARN_64_TO_32_BIT_CONVERSION = YES;
				GCC_WARN_ABOUT_RETURN_TYPE = YES_ERROR;
				GCC_WARN_UNDECLARED_SELECTOR = YES;
				GCC_WARN_UNINITIALIZED_AUTOS = YES_AGGRESSIVE;
				GCC_WARN_UNUSED_FUNCTION = YES;
				GCC_WARN_UNUSED_VARIABLE = YES;
				IPHONEOS_DEPLOYMENT_TARGET = 15.5;
				MTL_ENABLE_DEBUG_INFO = NO;
				MTL_FAST_MATH = YES;
				SDKROOT = iphoneos;
				SWIFT_COMPILATION_MODE = wholemodule;
				SWIFT_OPTIMIZATION_LEVEL = "-O";
				VALIDATE_PRODUCT = YES;
			};
			name = Release;
		};
		0B653D97286EDBF000A6FCF1 /* Debug */ = {
			isa = XCBuildConfiguration;
			buildSettings = {
				ASSETCATALOG_COMPILER_APPICON_NAME = AppIcon;
				ASSETCATALOG_COMPILER_GLOBAL_ACCENT_COLOR_NAME = AccentColor;
				CODE_SIGN_STYLE = Automatic;
				CURRENT_PROJECT_VERSION = 1;
				DEVELOPMENT_TEAM = QRD6UGA4UT;
				GENERATE_INFOPLIST_FILE = YES;
				INFOPLIST_FILE = LoginApp/Info.plist;
				INFOPLIST_KEY_UIApplicationSupportsIndirectInputEvents = YES;
				INFOPLIST_KEY_UILaunchStoryboardName = LaunchScreen;
				INFOPLIST_KEY_UIMainStoryboardFile = Main;
				INFOPLIST_KEY_UISupportedInterfaceOrientations_iPad = "UIInterfaceOrientationPortrait UIInterfaceOrientationPortraitUpsideDown UIInterfaceOrientationLandscapeLeft UIInterfaceOrientationLandscapeRight";
				INFOPLIST_KEY_UISupportedInterfaceOrientations_iPhone = "UIInterfaceOrientationPortrait UIInterfaceOrientationLandscapeLeft UIInterfaceOrientationLandscapeRight";
				LD_RUNPATH_SEARCH_PATHS = (
					"$(inherited)",
					"@executable_path/Frameworks",
				);
				MARKETING_VERSION = 1.0;
				PRODUCT_BUNDLE_IDENTIFIER = test.swift.LoginApp;
				PRODUCT_NAME = "$(TARGET_NAME)";
				SWIFT_EMIT_LOC_STRINGS = YES;
				SWIFT_VERSION = 5.0;
				TARGETED_DEVICE_FAMILY = "1,2";
			};
			name = Debug;
		};
		0B653D98286EDBF000A6FCF1 /* Release */ = {
			isa = XCBuildConfiguration;
			buildSettings = {
				ASSETCATALOG_COMPILER_APPICON_NAME = AppIcon;
				ASSETCATALOG_COMPILER_GLOBAL_ACCENT_COLOR_NAME = AccentColor;
				CODE_SIGN_STYLE = Automatic;
				CURRENT_PROJECT_VERSION = 1;
				DEVELOPMENT_TEAM = QRD6UGA4UT;
				GENERATE_INFOPLIST_FILE = YES;
				INFOPLIST_FILE = LoginApp/Info.plist;
				INFOPLIST_KEY_UIApplicationSupportsIndirectInputEvents = YES;
				INFOPLIST_KEY_UILaunchStoryboardName = LaunchScreen;
				INFOPLIST_KEY_UIMainStoryboardFile = Main;
				INFOPLIST_KEY_UISupportedInterfaceOrientations_iPad = "UIInterfaceOrientationPortrait UIInterfaceOrientationPortraitUpsideDown UIInterfaceOrientationLandscapeLeft UIInterfaceOrientationLandscapeRight";
				INFOPLIST_KEY_UISupportedInterfaceOrientations_iPhone = "UIInterfaceOrientationPortrait UIInterfaceOrientationLandscapeLeft UIInterfaceOrientationLandscapeRight";
				LD_RUNPATH_SEARCH_PATHS = (
					"$(inherited)",
					"@executable_path/Frameworks",
				);
				MARKETING_VERSION = 1.0;
				PRODUCT_BUNDLE_IDENTIFIER = test.swift.LoginApp;
				PRODUCT_NAME = "$(TARGET_NAME)";
				SWIFT_EMIT_LOC_STRINGS = YES;
				SWIFT_VERSION = 5.0;
				TARGETED_DEVICE_FAMILY = "1,2";
			};
			name = Release;
		};
/* End XCBuildConfiguration section */

/* Begin XCConfigurationList section */
		0B653D7D286EDBEF00A6FCF1 /* Build configuration list for PBXProject "LoginApp" */ = {
			isa = XCConfigurationList;
			buildConfigurations = (
				0B653D94286EDBF000A6FCF1 /* Debug */,
				0B653D95286EDBF000A6FCF1 /* Release */,
			);
			defaultConfigurationIsVisible = 0;
			defaultConfigurationName = Release;
		};
		0B653D96286EDBF000A6FCF1 /* Build configuration list for PBXNativeTarget "LoginApp" */ = {
			isa = XCConfigurationList;
			buildConfigurations = (
				0B653D97286EDBF000A6FCF1 /* Debug */,
				0B653D98286EDBF000A6FCF1 /* Release */,
			);
			defaultConfigurationIsVisible = 0;
			defaultConfigurationName = Release;
		};
/* End XCConfigurationList section */
	};
	rootObject = 0B653D7A286EDBEF00A6FCF1 /* Project object */;
}
